// !$*UTF8*$!
{
	archiveVersion = 1;
	classes = {
	};
	objectVersion = 50;
	objects = {

/* Begin PBXBuildFile section */
		7E8C89FF98B63287B894E57D /* Pods_MyMovies.framework in Frameworks */ = {isa = PBXBuildFile; fileRef = E66E77B509F0BFDF9CE1D38D /* Pods_MyMovies.framework */; };
		92140CB7A8088AAD0E6D7490 /* Pods_MyMoviesTests.framework in Frameworks */ = {isa = PBXBuildFile; fileRef = 3C5072244DA75487DEAB700A /* Pods_MyMoviesTests.framework */; };
		FB0C8D042280C8A00056C79F /* ListsViewControllerTests.swift in Sources */ = {isa = PBXBuildFile; fileRef = FB0C8D032280C8A00056C79F /* ListsViewControllerTests.swift */; };
		FB0C8D062280C8F60056C79F /* ListsViewController.swift in Sources */ = {isa = PBXBuildFile; fileRef = FB0C8D052280C8F60056C79F /* ListsViewController.swift */; };
		FB0C8D082280D8B20056C79F /* SearchViewControllerTests.swift in Sources */ = {isa = PBXBuildFile; fileRef = FB0C8D072280D8B20056C79F /* SearchViewControllerTests.swift */; };
		FB0C8D0A2280D8EA0056C79F /* SearchViewController.swift in Sources */ = {isa = PBXBuildFile; fileRef = FB0C8D092280D8EA0056C79F /* SearchViewController.swift */; };
		FB2C5761227E0CB000CA2381 /* AppDelegate.swift in Sources */ = {isa = PBXBuildFile; fileRef = FB2C5760227E0CB000CA2381 /* AppDelegate.swift */; };
		FB2C5768227E0CB200CA2381 /* Assets.xcassets in Resources */ = {isa = PBXBuildFile; fileRef = FB2C5767227E0CB200CA2381 /* Assets.xcassets */; };
		FB2C576B227E0CB200CA2381 /* LaunchScreen.storyboard in Resources */ = {isa = PBXBuildFile; fileRef = FB2C5769227E0CB200CA2381 /* LaunchScreen.storyboard */; };
		FB2C5790227E0CF700CA2381 /* AppDelegateTests.swift in Sources */ = {isa = PBXBuildFile; fileRef = FB2C578F227E0CF700CA2381 /* AppDelegateTests.swift */; };
		FB2C5792227E117000CA2381 /* LoginViewControllerTests.swift in Sources */ = {isa = PBXBuildFile; fileRef = FB2C5791227E117000CA2381 /* LoginViewControllerTests.swift */; };
		FB2C5794227E11D900CA2381 /* LoginViewController.swift in Sources */ = {isa = PBXBuildFile; fileRef = FB2C5793227E11D900CA2381 /* LoginViewController.swift */; };
		FB2C5796227E137800CA2381 /* Extensions.swift in Sources */ = {isa = PBXBuildFile; fileRef = FB2C5795227E137800CA2381 /* Extensions.swift */; };
		FB2C5798227E168800CA2381 /* TodayMoviesViewControllerTests.swift in Sources */ = {isa = PBXBuildFile; fileRef = FB2C5797227E168800CA2381 /* TodayMoviesViewControllerTests.swift */; };
		FB2C579A227E16C700CA2381 /* TodayMoviesViewController.swift in Sources */ = {isa = PBXBuildFile; fileRef = FB2C5799227E16C700CA2381 /* TodayMoviesViewController.swift */; };
		FB2C59312283AA2E005052EF /* NetworkManagerTests.swift in Sources */ = {isa = PBXBuildFile; fileRef = FB2C59302283AA2E005052EF /* NetworkManagerTests.swift */; };
		FB2C59332283AA68005052EF /* NetworkConstantsTests.swift in Sources */ = {isa = PBXBuildFile; fileRef = FB2C59322283AA68005052EF /* NetworkConstantsTests.swift */; };
		FB2C59352283AB15005052EF /* NetworkConstants.swift in Sources */ = {isa = PBXBuildFile; fileRef = FB2C59342283AB15005052EF /* NetworkConstants.swift */; };
		FB2C59372284B929005052EF /* NetworkManager.swift in Sources */ = {isa = PBXBuildFile; fileRef = FB2C59362284B929005052EF /* NetworkManager.swift */; };
		FB2C593A2284F92B005052EF /* MovieTests.swift in Sources */ = {isa = PBXBuildFile; fileRef = FB2C59392284F92B005052EF /* MovieTests.swift */; };
		FB2C593C228515C5005052EF /* Movie.swift in Sources */ = {isa = PBXBuildFile; fileRef = FB2C593B228515C5005052EF /* Movie.swift */; };
		FB5F4E7D228B6A8F002005D9 /* URLBuilder.swift in Sources */ = {isa = PBXBuildFile; fileRef = FB5F4E7C228B6A8F002005D9 /* URLBuilder.swift */; };
		FB5F4E7F228B6AD3002005D9 /* URLBuilderTests.swift in Sources */ = {isa = PBXBuildFile; fileRef = FB5F4E7E228B6AD3002005D9 /* URLBuilderTests.swift */; };
		FB5F4E81229378BE002005D9 /* MovieListCell.swift in Sources */ = {isa = PBXBuildFile; fileRef = FB5F4E80229378BE002005D9 /* MovieListCell.swift */; };
		FB8FB0B8229F50C200D22B1D /* MasterTabBarControllerTests.swift in Sources */ = {isa = PBXBuildFile; fileRef = FB8FB0B7229F50C200D22B1D /* MasterTabBarControllerTests.swift */; };
		FB8FB0BA229F50DF00D22B1D /* MasterTabBarController.swift in Sources */ = {isa = PBXBuildFile; fileRef = FB8FB0B9229F50DF00D22B1D /* MasterTabBarController.swift */; };
		FBE106B5227F288F00F19952 /* MovieCellTests.swift in Sources */ = {isa = PBXBuildFile; fileRef = FBE106B4227F288F00F19952 /* MovieCellTests.swift */; };
		FBE106BA227F295500F19952 /* MovieCell.swift in Sources */ = {isa = PBXBuildFile; fileRef = FBE106B9227F295500F19952 /* MovieCell.swift */; };
		FBE106BC227F32F400F19952 /* TodayHeader.swift in Sources */ = {isa = PBXBuildFile; fileRef = FBE106BB227F32F400F19952 /* TodayHeader.swift */; };
		FBE106C1227F363600F19952 /* MovieDetailsViewController.swift in Sources */ = {isa = PBXBuildFile; fileRef = FBE106C0227F363600F19952 /* MovieDetailsViewController.swift */; };
		FBE106C3227F364800F19952 /* MovieDetailsViewControllerTests.swift in Sources */ = {isa = PBXBuildFile; fileRef = FBE106C2227F364800F19952 /* MovieDetailsViewControllerTests.swift */; };
/* End PBXBuildFile section */

/* Begin PBXContainerItemProxy section */
		FB2C5772227E0CB200CA2381 /* PBXContainerItemProxy */ = {
			isa = PBXContainerItemProxy;
			containerPortal = FB2C5755227E0CB000CA2381 /* Project object */;
			proxyType = 1;
			remoteGlobalIDString = FB2C575C227E0CB000CA2381;
			remoteInfo = MyMovies;
		};
/* End PBXContainerItemProxy section */

/* Begin PBXFileReference section */
		3C5072244DA75487DEAB700A /* Pods_MyMoviesTests.framework */ = {isa = PBXFileReference; explicitFileType = wrapper.framework; includeInIndex = 0; path = Pods_MyMoviesTests.framework; sourceTree = BUILT_PRODUCTS_DIR; };
		5B49BA45B6DE9D5ED86DE489 /* Pods-MyMoviesTests.debug.xcconfig */ = {isa = PBXFileReference; includeInIndex = 1; lastKnownFileType = text.xcconfig; name = "Pods-MyMoviesTests.debug.xcconfig"; path = "Target Support Files/Pods-MyMoviesTests/Pods-MyMoviesTests.debug.xcconfig"; sourceTree = "<group>"; };
		5F803C97113AD41A1E8B0DC1 /* Pods-MyMovies.release.xcconfig */ = {isa = PBXFileReference; includeInIndex = 1; lastKnownFileType = text.xcconfig; name = "Pods-MyMovies.release.xcconfig"; path = "Target Support Files/Pods-MyMovies/Pods-MyMovies.release.xcconfig"; sourceTree = "<group>"; };
		975665B8AAA5095B80216AAD /* Pods-MyMoviesTests.release.xcconfig */ = {isa = PBXFileReference; includeInIndex = 1; lastKnownFileType = text.xcconfig; name = "Pods-MyMoviesTests.release.xcconfig"; path = "Target Support Files/Pods-MyMoviesTests/Pods-MyMoviesTests.release.xcconfig"; sourceTree = "<group>"; };
		A750274C743484F56224FF6B /* Pods-MyMovies.debug.xcconfig */ = {isa = PBXFileReference; includeInIndex = 1; lastKnownFileType = text.xcconfig; name = "Pods-MyMovies.debug.xcconfig"; path = "Target Support Files/Pods-MyMovies/Pods-MyMovies.debug.xcconfig"; sourceTree = "<group>"; };
		E66E77B509F0BFDF9CE1D38D /* Pods_MyMovies.framework */ = {isa = PBXFileReference; explicitFileType = wrapper.framework; includeInIndex = 0; path = Pods_MyMovies.framework; sourceTree = BUILT_PRODUCTS_DIR; };
		FB0C8D032280C8A00056C79F /* ListsViewControllerTests.swift */ = {isa = PBXFileReference; lastKnownFileType = sourcecode.swift; path = ListsViewControllerTests.swift; sourceTree = "<group>"; };
		FB0C8D052280C8F60056C79F /* ListsViewController.swift */ = {isa = PBXFileReference; lastKnownFileType = sourcecode.swift; path = ListsViewController.swift; sourceTree = "<group>"; };
		FB0C8D072280D8B20056C79F /* SearchViewControllerTests.swift */ = {isa = PBXFileReference; lastKnownFileType = sourcecode.swift; path = SearchViewControllerTests.swift; sourceTree = "<group>"; };
		FB0C8D092280D8EA0056C79F /* SearchViewController.swift */ = {isa = PBXFileReference; lastKnownFileType = sourcecode.swift; path = SearchViewController.swift; sourceTree = "<group>"; };
		FB2C575D227E0CB000CA2381 /* MyMovies.app */ = {isa = PBXFileReference; explicitFileType = wrapper.application; includeInIndex = 0; path = MyMovies.app; sourceTree = BUILT_PRODUCTS_DIR; };
		FB2C5760227E0CB000CA2381 /* AppDelegate.swift */ = {isa = PBXFileReference; lastKnownFileType = sourcecode.swift; path = AppDelegate.swift; sourceTree = "<group>"; };
		FB2C5767227E0CB200CA2381 /* Assets.xcassets */ = {isa = PBXFileReference; lastKnownFileType = folder.assetcatalog; path = Assets.xcassets; sourceTree = "<group>"; };
		FB2C576A227E0CB200CA2381 /* Base */ = {isa = PBXFileReference; lastKnownFileType = file.storyboard; name = Base; path = Base.lproj/LaunchScreen.storyboard; sourceTree = "<group>"; };
		FB2C576C227E0CB200CA2381 /* Info.plist */ = {isa = PBXFileReference; lastKnownFileType = text.plist.xml; path = Info.plist; sourceTree = "<group>"; };
		FB2C5771227E0CB200CA2381 /* MyMoviesTests.xctest */ = {isa = PBXFileReference; explicitFileType = wrapper.cfbundle; includeInIndex = 0; path = MyMoviesTests.xctest; sourceTree = BUILT_PRODUCTS_DIR; };
		FB2C5777227E0CB200CA2381 /* Info.plist */ = {isa = PBXFileReference; lastKnownFileType = text.plist.xml; path = Info.plist; sourceTree = "<group>"; };
		FB2C578F227E0CF700CA2381 /* AppDelegateTests.swift */ = {isa = PBXFileReference; lastKnownFileType = sourcecode.swift; path = AppDelegateTests.swift; sourceTree = "<group>"; };
		FB2C5791227E117000CA2381 /* LoginViewControllerTests.swift */ = {isa = PBXFileReference; lastKnownFileType = sourcecode.swift; path = LoginViewControllerTests.swift; sourceTree = "<group>"; };
		FB2C5793227E11D900CA2381 /* LoginViewController.swift */ = {isa = PBXFileReference; lastKnownFileType = sourcecode.swift; path = LoginViewController.swift; sourceTree = "<group>"; };
		FB2C5795227E137800CA2381 /* Extensions.swift */ = {isa = PBXFileReference; lastKnownFileType = sourcecode.swift; path = Extensions.swift; sourceTree = "<group>"; };
		FB2C5797227E168800CA2381 /* TodayMoviesViewControllerTests.swift */ = {isa = PBXFileReference; lastKnownFileType = sourcecode.swift; path = TodayMoviesViewControllerTests.swift; sourceTree = "<group>"; };
		FB2C5799227E16C700CA2381 /* TodayMoviesViewController.swift */ = {isa = PBXFileReference; lastKnownFileType = sourcecode.swift; path = TodayMoviesViewController.swift; sourceTree = "<group>"; };
		FB2C59302283AA2E005052EF /* NetworkManagerTests.swift */ = {isa = PBXFileReference; lastKnownFileType = sourcecode.swift; path = NetworkManagerTests.swift; sourceTree = "<group>"; };
		FB2C59322283AA68005052EF /* NetworkConstantsTests.swift */ = {isa = PBXFileReference; lastKnownFileType = sourcecode.swift; path = NetworkConstantsTests.swift; sourceTree = "<group>"; };
		FB2C59342283AB15005052EF /* NetworkConstants.swift */ = {isa = PBXFileReference; lastKnownFileType = sourcecode.swift; path = NetworkConstants.swift; sourceTree = "<group>"; };
		FB2C59362284B929005052EF /* NetworkManager.swift */ = {isa = PBXFileReference; lastKnownFileType = sourcecode.swift; path = NetworkManager.swift; sourceTree = "<group>"; };
		FB2C59392284F92B005052EF /* MovieTests.swift */ = {isa = PBXFileReference; lastKnownFileType = sourcecode.swift; path = MovieTests.swift; sourceTree = "<group>"; };
		FB2C593B228515C5005052EF /* Movie.swift */ = {isa = PBXFileReference; lastKnownFileType = sourcecode.swift; path = Movie.swift; sourceTree = "<group>"; };
		FB5F4E7C228B6A8F002005D9 /* URLBuilder.swift */ = {isa = PBXFileReference; lastKnownFileType = sourcecode.swift; path = URLBuilder.swift; sourceTree = "<group>"; };
		FB5F4E7E228B6AD3002005D9 /* URLBuilderTests.swift */ = {isa = PBXFileReference; lastKnownFileType = sourcecode.swift; path = URLBuilderTests.swift; sourceTree = "<group>"; };
		FB5F4E80229378BE002005D9 /* MovieListCell.swift */ = {isa = PBXFileReference; lastKnownFileType = sourcecode.swift; path = MovieListCell.swift; sourceTree = "<group>"; };
		FB8FB0B7229F50C200D22B1D /* MasterTabBarControllerTests.swift */ = {isa = PBXFileReference; lastKnownFileType = sourcecode.swift; path = MasterTabBarControllerTests.swift; sourceTree = "<group>"; };
		FB8FB0B9229F50DF00D22B1D /* MasterTabBarController.swift */ = {isa = PBXFileReference; lastKnownFileType = sourcecode.swift; path = MasterTabBarController.swift; sourceTree = "<group>"; };
		FBE106B4227F288F00F19952 /* MovieCellTests.swift */ = {isa = PBXFileReference; lastKnownFileType = sourcecode.swift; path = MovieCellTests.swift; sourceTree = "<group>"; };
		FBE106B9227F295500F19952 /* MovieCell.swift */ = {isa = PBXFileReference; lastKnownFileType = sourcecode.swift; path = MovieCell.swift; sourceTree = "<group>"; };
		FBE106BB227F32F400F19952 /* TodayHeader.swift */ = {isa = PBXFileReference; lastKnownFileType = sourcecode.swift; path = TodayHeader.swift; sourceTree = "<group>"; };
		FBE106C0227F363600F19952 /* MovieDetailsViewController.swift */ = {isa = PBXFileReference; lastKnownFileType = sourcecode.swift; path = MovieDetailsViewController.swift; sourceTree = "<group>"; };
		FBE106C2227F364800F19952 /* MovieDetailsViewControllerTests.swift */ = {isa = PBXFileReference; lastKnownFileType = sourcecode.swift; path = MovieDetailsViewControllerTests.swift; sourceTree = "<group>"; };
/* End PBXFileReference section */

/* Begin PBXFrameworksBuildPhase section */
		FB2C575A227E0CB000CA2381 /* Frameworks */ = {
			isa = PBXFrameworksBuildPhase;
			buildActionMask = 2147483647;
			files = (
				7E8C89FF98B63287B894E57D /* Pods_MyMovies.framework in Frameworks */,
			);
			runOnlyForDeploymentPostprocessing = 0;
		};
		FB2C576E227E0CB200CA2381 /* Frameworks */ = {
			isa = PBXFrameworksBuildPhase;
			buildActionMask = 2147483647;
			files = (
				92140CB7A8088AAD0E6D7490 /* Pods_MyMoviesTests.framework in Frameworks */,
			);
			runOnlyForDeploymentPostprocessing = 0;
		};
/* End PBXFrameworksBuildPhase section */

/* Begin PBXGroup section */
		6A10C556BEDDD815A99ED4DC /* Pods */ = {
			isa = PBXGroup;
			children = (
				A750274C743484F56224FF6B /* Pods-MyMovies.debug.xcconfig */,
				5F803C97113AD41A1E8B0DC1 /* Pods-MyMovies.release.xcconfig */,
				5B49BA45B6DE9D5ED86DE489 /* Pods-MyMoviesTests.debug.xcconfig */,
				975665B8AAA5095B80216AAD /* Pods-MyMoviesTests.release.xcconfig */,
			);
			path = Pods;
			sourceTree = "<group>";
		};
		D30D11337499A4509320092F /* Frameworks */ = {
			isa = PBXGroup;
			children = (
				E66E77B509F0BFDF9CE1D38D /* Pods_MyMovies.framework */,
				3C5072244DA75487DEAB700A /* Pods_MyMoviesTests.framework */,
			);
			name = Frameworks;
			sourceTree = "<group>";
		};
		FB2C5754227E0CB000CA2381 = {
			isa = PBXGroup;
			children = (
				FB2C575F227E0CB000CA2381 /* MyMovies */,
				FB2C5774227E0CB200CA2381 /* MyMoviesTests */,
				FB2C575E227E0CB000CA2381 /* Products */,
				6A10C556BEDDD815A99ED4DC /* Pods */,
				D30D11337499A4509320092F /* Frameworks */,
			);
			sourceTree = "<group>";
		};
		FB2C575E227E0CB000CA2381 /* Products */ = {
			isa = PBXGroup;
			children = (
				FB2C575D227E0CB000CA2381 /* MyMovies.app */,
				FB2C5771227E0CB200CA2381 /* MyMoviesTests.xctest */,
			);
			name = Products;
			sourceTree = "<group>";
		};
		FB2C575F227E0CB000CA2381 /* MyMovies */ = {
			isa = PBXGroup;
			children = (
				FB2C5760227E0CB000CA2381 /* AppDelegate.swift */,
				FBE106BD227F348B00F19952 /* Views */,
				FBE106B1227F284000F19952 /* Controllers */,
				FBE106B2227F284A00F19952 /* Model */,
				FB2C578E227E0CD600CA2381 /* Assets */,
				FB2C576C227E0CB200CA2381 /* Info.plist */,
			);
			path = MyMovies;
			sourceTree = "<group>";
		};
		FB2C5774227E0CB200CA2381 /* MyMoviesTests */ = {
			isa = PBXGroup;
			children = (
				FB2C578F227E0CF700CA2381 /* AppDelegateTests.swift */,
				FB2C59382284F7DA005052EF /* Model Tests */,
				FBE106B8227F290F00F19952 /* Views Tests */,
				FBE106B3227F285400F19952 /* Controllers Tests */,
				FB2C5777227E0CB200CA2381 /* Info.plist */,
			);
			path = MyMoviesTests;
			sourceTree = "<group>";
		};
		FB2C578E227E0CD600CA2381 /* Assets */ = {
			isa = PBXGroup;
			children = (
				FB2C5767227E0CB200CA2381 /* Assets.xcassets */,
				FB2C5769227E0CB200CA2381 /* LaunchScreen.storyboard */,
			);
			path = Assets;
			sourceTree = "<group>";
		};
		FB2C59382284F7DA005052EF /* Model Tests */ = {
			isa = PBXGroup;
			children = (
				FB5F4E7E228B6AD3002005D9 /* URLBuilderTests.swift */,
				FB2C59392284F92B005052EF /* MovieTests.swift */,
				FB2C59322283AA68005052EF /* NetworkConstantsTests.swift */,
				FB2C59302283AA2E005052EF /* NetworkManagerTests.swift */,
			);
			path = "Model Tests";
			sourceTree = "<group>";
		};
		FBE106B1227F284000F19952 /* Controllers */ = {
			isa = PBXGroup;
			children = (
				FB8FB0B9229F50DF00D22B1D /* MasterTabBarController.swift */,
				FB0C8D092280D8EA0056C79F /* SearchViewController.swift */,
				FB0C8D052280C8F60056C79F /* ListsViewController.swift */,
				FBE106C0227F363600F19952 /* MovieDetailsViewController.swift */,
				FB2C5799227E16C700CA2381 /* TodayMoviesViewController.swift */,
				FB2C5793227E11D900CA2381 /* LoginViewController.swift */,
			);
			path = Controllers;
			sourceTree = "<group>";
		};
		FBE106B2227F284A00F19952 /* Model */ = {
			isa = PBXGroup;
			children = (
				FB5F4E7C228B6A8F002005D9 /* URLBuilder.swift */,
				FB2C593B228515C5005052EF /* Movie.swift */,
				FB2C59342283AB15005052EF /* NetworkConstants.swift */,
				FB2C59362284B929005052EF /* NetworkManager.swift */,
				FB2C5795227E137800CA2381 /* Extensions.swift */,
			);
			path = Model;
			sourceTree = "<group>";
		};
		FBE106B3227F285400F19952 /* Controllers Tests */ = {
			isa = PBXGroup;
			children = (
				FB8FB0B7229F50C200D22B1D /* MasterTabBarControllerTests.swift */,
				FB0C8D032280C8A00056C79F /* ListsViewControllerTests.swift */,
				FBE106C2227F364800F19952 /* MovieDetailsViewControllerTests.swift */,
				FB0C8D072280D8B20056C79F /* SearchViewControllerTests.swift */,
				FB2C5797227E168800CA2381 /* TodayMoviesViewControllerTests.swift */,
				FB2C5791227E117000CA2381 /* LoginViewControllerTests.swift */,
			);
			path = "Controllers Tests";
			sourceTree = "<group>";
		};
		FBE106B8227F290F00F19952 /* Views Tests */ = {
			isa = PBXGroup;
			children = (
				FBE106B4227F288F00F19952 /* MovieCellTests.swift */,
			);
			path = "Views Tests";
			sourceTree = "<group>";
		};
		FBE106BD227F348B00F19952 /* Views */ = {
			isa = PBXGroup;
			children = (
				FB5F4E80229378BE002005D9 /* MovieListCell.swift */,
				FBE106BB227F32F400F19952 /* TodayHeader.swift */,
				FBE106B9227F295500F19952 /* MovieCell.swift */,
			);
			path = Views;
			sourceTree = "<group>";
		};
/* End PBXGroup section */

/* Begin PBXNativeTarget section */
		FB2C575C227E0CB000CA2381 /* MyMovies */ = {
			isa = PBXNativeTarget;
			buildConfigurationList = FB2C5785227E0CB200CA2381 /* Build configuration list for PBXNativeTarget "MyMovies" */;
			buildPhases = (
				74AC2FEB2C7BFE495649D8A8 /* [CP] Check Pods Manifest.lock */,
				FB2C5759227E0CB000CA2381 /* Sources */,
				FB2C575A227E0CB000CA2381 /* Frameworks */,
				FB2C575B227E0CB000CA2381 /* Resources */,
				CDD88A95CC84B577D3CF95CD /* [CP] Embed Pods Frameworks */,
			);
			buildRules = (
			);
			dependencies = (
			);
			name = MyMovies;
			productName = MyMovies;
			productReference = FB2C575D227E0CB000CA2381 /* MyMovies.app */;
			productType = "com.apple.product-type.application";
		};
		FB2C5770227E0CB200CA2381 /* MyMoviesTests */ = {
			isa = PBXNativeTarget;
			buildConfigurationList = FB2C5788227E0CB200CA2381 /* Build configuration list for PBXNativeTarget "MyMoviesTests" */;
			buildPhases = (
				C7CDDB6D685A37EE1380A039 /* [CP] Check Pods Manifest.lock */,
				FB2C576D227E0CB200CA2381 /* Sources */,
				FB2C576E227E0CB200CA2381 /* Frameworks */,
				FB2C576F227E0CB200CA2381 /* Resources */,
			);
			buildRules = (
			);
			dependencies = (
				FB2C5773227E0CB200CA2381 /* PBXTargetDependency */,
			);
			name = MyMoviesTests;
			productName = MyMoviesTests;
			productReference = FB2C5771227E0CB200CA2381 /* MyMoviesTests.xctest */;
			productType = "com.apple.product-type.bundle.unit-test";
		};
/* End PBXNativeTarget section */

/* Begin PBXProject section */
		FB2C5755227E0CB000CA2381 /* Project object */ = {
			isa = PBXProject;
			attributes = {
				LastSwiftUpdateCheck = 1010;
				LastUpgradeCheck = 1010;
				ORGANIZATIONNAME = "Marcello Mirsal";
				TargetAttributes = {
					FB2C575C227E0CB000CA2381 = {
						CreatedOnToolsVersion = 10.1;
						LastSwiftMigration = 1020;
					};
					FB2C5770227E0CB200CA2381 = {
						CreatedOnToolsVersion = 10.1;
						LastSwiftMigration = 1020;
						TestTargetID = FB2C575C227E0CB000CA2381;
					};
				};
			};
			buildConfigurationList = FB2C5758227E0CB000CA2381 /* Build configuration list for PBXProject "MyMovies" */;
			compatibilityVersion = "Xcode 9.3";
			developmentRegion = en;
			hasScannedForEncodings = 0;
			knownRegions = (
				en,
				Base,
			);
			mainGroup = FB2C5754227E0CB000CA2381;
			productRefGroup = FB2C575E227E0CB000CA2381 /* Products */;
			projectDirPath = "";
			projectRoot = "";
			targets = (
				FB2C575C227E0CB000CA2381 /* MyMovies */,
				FB2C5770227E0CB200CA2381 /* MyMoviesTests */,
			);
		};
/* End PBXProject section */

/* Begin PBXResourcesBuildPhase section */
		FB2C575B227E0CB000CA2381 /* Resources */ = {
			isa = PBXResourcesBuildPhase;
			buildActionMask = 2147483647;
			files = (
				FB2C576B227E0CB200CA2381 /* LaunchScreen.storyboard in Resources */,
				FB2C5768227E0CB200CA2381 /* Assets.xcassets in Resources */,
			);
			runOnlyForDeploymentPostprocessing = 0;
		};
		FB2C576F227E0CB200CA2381 /* Resources */ = {
			isa = PBXResourcesBuildPhase;
			buildActionMask = 2147483647;
			files = (
			);
			runOnlyForDeploymentPostprocessing = 0;
		};
/* End PBXResourcesBuildPhase section */

/* Begin PBXShellScriptBuildPhase section */
		74AC2FEB2C7BFE495649D8A8 /* [CP] Check Pods Manifest.lock */ = {
			isa = PBXShellScriptBuildPhase;
			buildActionMask = 2147483647;
			files = (
			);
			inputFileListPaths = (
			);
			inputPaths = (
				"${PODS_PODFILE_DIR_PATH}/Podfile.lock",
				"${PODS_ROOT}/Manifest.lock",
			);
			name = "[CP] Check Pods Manifest.lock";
			outputFileListPaths = (
			);
			outputPaths = (
				"$(DERIVED_FILE_DIR)/Pods-MyMovies-checkManifestLockResult.txt",
			);
			runOnlyForDeploymentPostprocessing = 0;
			shellPath = /bin/sh;
			shellScript = "diff \"${PODS_PODFILE_DIR_PATH}/Podfile.lock\" \"${PODS_ROOT}/Manifest.lock\" > /dev/null\nif [ $? != 0 ] ; then\n    # print error to STDERR\n    echo \"error: The sandbox is not in sync with the Podfile.lock. Run 'pod install' or update your CocoaPods installation.\" >&2\n    exit 1\nfi\n# This output is used by Xcode 'outputs' to avoid re-running this script phase.\necho \"SUCCESS\" > \"${SCRIPT_OUTPUT_FILE_0}\"\n";
			showEnvVarsInLog = 0;
		};
		C7CDDB6D685A37EE1380A039 /* [CP] Check Pods Manifest.lock */ = {
			isa = PBXShellScriptBuildPhase;
			buildActionMask = 2147483647;
			files = (
			);
			inputFileListPaths = (
			);
			inputPaths = (
				"${PODS_PODFILE_DIR_PATH}/Podfile.lock",
				"${PODS_ROOT}/Manifest.lock",
			);
			name = "[CP] Check Pods Manifest.lock";
			outputFileListPaths = (
			);
			outputPaths = (
				"$(DERIVED_FILE_DIR)/Pods-MyMoviesTests-checkManifestLockResult.txt",
			);
			runOnlyForDeploymentPostprocessing = 0;
			shellPath = /bin/sh;
			shellScript = "diff \"${PODS_PODFILE_DIR_PATH}/Podfile.lock\" \"${PODS_ROOT}/Manifest.lock\" > /dev/null\nif [ $? != 0 ] ; then\n    # print error to STDERR\n    echo \"error: The sandbox is not in sync with the Podfile.lock. Run 'pod install' or update your CocoaPods installation.\" >&2\n    exit 1\nfi\n# This output is used by Xcode 'outputs' to avoid re-running this script phase.\necho \"SUCCESS\" > \"${SCRIPT_OUTPUT_FILE_0}\"\n";
			showEnvVarsInLog = 0;
		};
		CDD88A95CC84B577D3CF95CD /* [CP] Embed Pods Frameworks */ = {
			isa = PBXShellScriptBuildPhase;
			buildActionMask = 2147483647;
			files = (
			);
			inputFileListPaths = (
			);
			inputPaths = (
				"${PODS_ROOT}/Target Support Files/Pods-MyMovies/Pods-MyMovies-frameworks.sh",
				"${BUILT_PRODUCTS_DIR}/Alamofire/Alamofire.framework",
				"${BUILT_PRODUCTS_DIR}/AlamofireImage/AlamofireImage.framework",
			);
			name = "[CP] Embed Pods Frameworks";
			outputFileListPaths = (
			);
			outputPaths = (
				"${TARGET_BUILD_DIR}/${FRAMEWORKS_FOLDER_PATH}/Alamofire.framework",
				"${TARGET_BUILD_DIR}/${FRAMEWORKS_FOLDER_PATH}/AlamofireImage.framework",
			);
			runOnlyForDeploymentPostprocessing = 0;
			shellPath = /bin/sh;
			shellScript = "\"${PODS_ROOT}/Target Support Files/Pods-MyMovies/Pods-MyMovies-frameworks.sh\"\n";
			showEnvVarsInLog = 0;
		};
/* End PBXShellScriptBuildPhase section */

/* Begin PBXSourcesBuildPhase section */
		FB2C5759227E0CB000CA2381 /* Sources */ = {
			isa = PBXSourcesBuildPhase;
			buildActionMask = 2147483647;
			files = (
				FBE106BC227F32F400F19952 /* TodayHeader.swift in Sources */,
				FB2C5794227E11D900CA2381 /* LoginViewController.swift in Sources */,
				FB8FB0BA229F50DF00D22B1D /* MasterTabBarController.swift in Sources */,
				FB2C593C228515C5005052EF /* Movie.swift in Sources */,
				FB2C59352283AB15005052EF /* NetworkConstants.swift in Sources */,
				FB5F4E7D228B6A8F002005D9 /* URLBuilder.swift in Sources */,
				FB0C8D062280C8F60056C79F /* ListsViewController.swift in Sources */,
				FB2C59372284B929005052EF /* NetworkManager.swift in Sources */,
				FB0C8D0A2280D8EA0056C79F /* SearchViewController.swift in Sources */,
				FB2C579A227E16C700CA2381 /* TodayMoviesViewController.swift in Sources */,
				FBE106C1227F363600F19952 /* MovieDetailsViewController.swift in Sources */,
				FB2C5796227E137800CA2381 /* Extensions.swift in Sources */,
				FBE106BA227F295500F19952 /* MovieCell.swift in Sources */,
				FB5F4E81229378BE002005D9 /* MovieListCell.swift in Sources */,
				FB2C5761227E0CB000CA2381 /* AppDelegate.swift in Sources */,
			);
			runOnlyForDeploymentPostprocessing = 0;
		};
		FB2C576D227E0CB200CA2381 /* Sources */ = {
			isa = PBXSourcesBuildPhase;
			buildActionMask = 2147483647;
			files = (
				FB2C593A2284F92B005052EF /* MovieTests.swift in Sources */,
				FB2C59332283AA68005052EF /* NetworkConstantsTests.swift in Sources */,
				FB5F4E7F228B6AD3002005D9 /* URLBuilderTests.swift in Sources */,
				FB2C5792227E117000CA2381 /* LoginViewControllerTests.swift in Sources */,
				FB2C5790227E0CF700CA2381 /* AppDelegateTests.swift in Sources */,
				FB8FB0B8229F50C200D22B1D /* MasterTabBarControllerTests.swift in Sources */,
				FBE106B5227F288F00F19952 /* MovieCellTests.swift in Sources */,
				FB2C5798227E168800CA2381 /* TodayMoviesViewControllerTests.swift in Sources */,
				FB2C59312283AA2E005052EF /* NetworkManagerTests.swift in Sources */,
				FB0C8D042280C8A00056C79F /* ListsViewControllerTests.swift in Sources */,
				FB0C8D082280D8B20056C79F /* SearchViewControllerTests.swift in Sources */,
				FBE106C3227F364800F19952 /* MovieDetailsViewControllerTests.swift in Sources */,
			);
			runOnlyForDeploymentPostprocessing = 0;
		};
/* End PBXSourcesBuildPhase section */

/* Begin PBXTargetDependency section */
		FB2C5773227E0CB200CA2381 /* PBXTargetDependency */ = {
			isa = PBXTargetDependency;
			target = FB2C575C227E0CB000CA2381 /* MyMovies */;
			targetProxy = FB2C5772227E0CB200CA2381 /* PBXContainerItemProxy */;
		};
/* End PBXTargetDependency section */

/* Begin PBXVariantGroup section */
		FB2C5769227E0CB200CA2381 /* LaunchScreen.storyboard */ = {
			isa = PBXVariantGroup;
			children = (
				FB2C576A227E0CB200CA2381 /* Base */,
			);
			name = LaunchScreen.storyboard;
			sourceTree = "<group>";
		};
/* End PBXVariantGroup section */

/* Begin XCBuildConfiguration section */
		FB2C5783227E0CB200CA2381 /* Debug */ = {
			isa = XCBuildConfiguration;
			buildSettings = {
				ALWAYS_SEARCH_USER_PATHS = NO;
				CLANG_ANALYZER_NONNULL = YES;
				CLANG_ANALYZER_NUMBER_OBJECT_CONVERSION = YES_AGGRESSIVE;
				CLANG_CXX_LANGUAGE_STANDARD = "gnu++14";
				CLANG_CXX_LIBRARY = "libc++";
				CLANG_ENABLE_MODULES = YES;
				CLANG_ENABLE_OBJC_ARC = YES;
				CLANG_ENABLE_OBJC_WEAK = YES;
				CLANG_WARN_BLOCK_CAPTURE_AUTORELEASING = YES;
				CLANG_WARN_BOOL_CONVERSION = YES;
				CLANG_WARN_COMMA = YES;
				CLANG_WARN_CONSTANT_CONVERSION = YES;
				CLANG_WARN_DEPRECATED_OBJC_IMPLEMENTATIONS = YES;
				CLANG_WARN_DIRECT_OBJC_ISA_USAGE = YES_ERROR;
				CLANG_WARN_DOCUMENTATION_COMMENTS = YES;
				CLANG_WARN_EMPTY_BODY = YES;
				CLANG_WARN_ENUM_CONVERSION = YES;
				CLANG_WARN_INFINITE_RECURSION = YES;
				CLANG_WARN_INT_CONVERSION = YES;
				CLANG_WARN_NON_LITERAL_NULL_CONVERSION = YES;
				CLANG_WARN_OBJC_IMPLICIT_RETAIN_SELF = YES;
				CLANG_WARN_OBJC_LITERAL_CONVERSION = YES;
				CLANG_WARN_OBJC_ROOT_CLASS = YES_ERROR;
				CLANG_WARN_RANGE_LOOP_ANALYSIS = YES;
				CLANG_WARN_STRICT_PROTOTYPES = YES;
				CLANG_WARN_SUSPICIOUS_MOVE = YES;
				CLANG_WARN_UNGUARDED_AVAILABILITY = YES_AGGRESSIVE;
				CLANG_WARN_UNREACHABLE_CODE = YES;
				CLANG_WARN__DUPLICATE_METHOD_MATCH = YES;
				CODE_SIGN_IDENTITY = "iPhone Developer";
				COPY_PHASE_STRIP = NO;
				DEBUG_INFORMATION_FORMAT = dwarf;
				ENABLE_STRICT_OBJC_MSGSEND = YES;
				ENABLE_TESTABILITY = YES;
				GCC_C_LANGUAGE_STANDARD = gnu11;
				GCC_DYNAMIC_NO_PIC = NO;
				GCC_NO_COMMON_BLOCKS = YES;
				GCC_OPTIMIZATION_LEVEL = 0;
				GCC_PREPROCESSOR_DEFINITIONS = (
					"DEBUG=1",
					"$(inherited)",
				);
				GCC_WARN_64_TO_32_BIT_CONVERSION = YES;
				GCC_WARN_ABOUT_RETURN_TYPE = YES_ERROR;
				GCC_WARN_UNDECLARED_SELECTOR = YES;
				GCC_WARN_UNINITIALIZED_AUTOS = YES_AGGRESSIVE;
				GCC_WARN_UNUSED_FUNCTION = YES;
				GCC_WARN_UNUSED_VARIABLE = YES;
				IPHONEOS_DEPLOYMENT_TARGET = 12.1;
				MTL_ENABLE_DEBUG_INFO = INCLUDE_SOURCE;
				MTL_FAST_MATH = YES;
				ONLY_ACTIVE_ARCH = YES;
				SDKROOT = iphoneos;
				SWIFT_ACTIVE_COMPILATION_CONDITIONS = DEBUG;
				SWIFT_OPTIMIZATION_LEVEL = "-Onone";
			};
			name = Debug;
		};
		FB2C5784227E0CB200CA2381 /* Release */ = {
			isa = XCBuildConfiguration;
			buildSettings = {
				ALWAYS_SEARCH_USER_PATHS = NO;
				CLANG_ANALYZER_NONNULL = YES;
				CLANG_ANALYZER_NUMBER_OBJECT_CONVERSION = YES_AGGRESSIVE;
				CLANG_CXX_LANGUAGE_STANDARD = "gnu++14";
				CLANG_CXX_LIBRARY = "libc++";
				CLANG_ENABLE_MODULES = YES;
				CLANG_ENABLE_OBJC_ARC = YES;
				CLANG_ENABLE_OBJC_WEAK = YES;
				CLANG_WARN_BLOCK_CAPTURE_AUTORELEASING = YES;
				CLANG_WARN_BOOL_CONVERSION = YES;
				CLANG_WARN_COMMA = YES;
				CLANG_WARN_CONSTANT_CONVERSION = YES;
				CLANG_WARN_DEPRECATED_OBJC_IMPLEMENTATIONS = YES;
				CLANG_WARN_DIRECT_OBJC_ISA_USAGE = YES_ERROR;
				CLANG_WARN_DOCUMENTATION_COMMENTS = YES;
				CLANG_WARN_EMPTY_BODY = YES;
				CLANG_WARN_ENUM_CONVERSION = YES;
				CLANG_WARN_INFINITE_RECURSION = YES;
				CLANG_WARN_INT_CONVERSION = YES;
				CLANG_WARN_NON_LITERAL_NULL_CONVERSION = YES;
				CLANG_WARN_OBJC_IMPLICIT_RETAIN_SELF = YES;
				CLANG_WARN_OBJC_LITERAL_CONVERSION = YES;
				CLANG_WARN_OBJC_ROOT_CLASS = YES_ERROR;
				CLANG_WARN_RANGE_LOOP_ANALYSIS = YES;
				CLANG_WARN_STRICT_PROTOTYPES = YES;
				CLANG_WARN_SUSPICIOUS_MOVE = YES;
				CLANG_WARN_UNGUARDED_AVAILABILITY = YES_AGGRESSIVE;
				CLANG_WARN_UNREACHABLE_CODE = YES;
				CLANG_WARN__DUPLICATE_METHOD_MATCH = YES;
				CODE_SIGN_IDENTITY = "iPhone Developer";
				COPY_PHASE_STRIP = NO;
				DEBUG_INFORMATION_FORMAT = "dwarf-with-dsym";
				ENABLE_NS_ASSERTIONS = NO;
				ENABLE_STRICT_OBJC_MSGSEND = YES;
				GCC_C_LANGUAGE_STANDARD = gnu11;
				GCC_NO_COMMON_BLOCKS = YES;
				GCC_WARN_64_TO_32_BIT_CONVERSION = YES;
				GCC_WARN_ABOUT_RETURN_TYPE = YES_ERROR;
				GCC_WARN_UNDECLARED_SELECTOR = YES;
				GCC_WARN_UNINITIALIZED_AUTOS = YES_AGGRESSIVE;
				GCC_WARN_UNUSED_FUNCTION = YES;
				GCC_WARN_UNUSED_VARIABLE = YES;
				IPHONEOS_DEPLOYMENT_TARGET = 12.1;
				MTL_ENABLE_DEBUG_INFO = NO;
				MTL_FAST_MATH = YES;
				SDKROOT = iphoneos;
				SWIFT_COMPILATION_MODE = wholemodule;
				SWIFT_OPTIMIZATION_LEVEL = "-O";
				VALIDATE_PRODUCT = YES;
			};
			name = Release;
		};
		FB2C5786227E0CB200CA2381 /* Debug */ = {
			isa = XCBuildConfiguration;
			baseConfigurationReference = A750274C743484F56224FF6B /* Pods-MyMovies.debug.xcconfig */;
			buildSettings = {
				ASSETCATALOG_COMPILER_APPICON_NAME = AppIcon;
				CODE_SIGN_STYLE = Automatic;
				DEVELOPMENT_TEAM = 45VBTWJ842;
				INFOPLIST_FILE = MyMovies/Info.plist;
				LD_RUNPATH_SEARCH_PATHS = (
					"$(inherited)",
					"@executable_path/Frameworks",
				);
				PRODUCT_BUNDLE_IDENTIFIER = com.mohammedmirsal.MyMovies;
				PRODUCT_NAME = "$(TARGET_NAME)";
				SWIFT_VERSION = 5.0;
				TARGETED_DEVICE_FAMILY = 1;
			};
			name = Debug;
		};
		FB2C5787227E0CB200CA2381 /* Release */ = {
			isa = XCBuildConfiguration;
			baseConfigurationReference = 5F803C97113AD41A1E8B0DC1 /* Pods-MyMovies.release.xcconfig */;
			buildSettings = {
				ASSETCATALOG_COMPILER_APPICON_NAME = AppIcon;
				CODE_SIGN_STYLE = Automatic;
				DEVELOPMENT_TEAM = 45VBTWJ842;
				INFOPLIST_FILE = MyMovies/Info.plist;
				LD_RUNPATH_SEARCH_PATHS = (
					"$(inherited)",
					"@executable_path/Frameworks",
				);
				PRODUCT_BUNDLE_IDENTIFIER = com.mohammedmirsal.MyMovies;
				PRODUCT_NAME = "$(TARGET_NAME)";
				SWIFT_VERSION = 5.0;
				TARGETED_DEVICE_FAMILY = 1;
			};
			name = Release;
		};
		FB2C5789227E0CB200CA2381 /* Debug */ = {
			isa = XCBuildConfiguration;
			baseConfigurationReference = 5B49BA45B6DE9D5ED86DE489 /* Pods-MyMoviesTests.debug.xcconfig */;
			buildSettings = {
				ALWAYS_EMBED_SWIFT_STANDARD_LIBRARIES = YES;
				BUNDLE_LOADER = "$(TEST_HOST)";
				CODE_SIGN_STYLE = Automatic;
				DEVELOPMENT_TEAM = 45VBTWJ842;
				INFOPLIST_FILE = MyMoviesTests/Info.plist;
				LD_RUNPATH_SEARCH_PATHS = (
					"$(inherited)",
					"@executable_path/Frameworks",
					"@loader_path/Frameworks",
				);
				PRODUCT_BUNDLE_IDENTIFIER = com.mohammedmirsal.MyMoviesTests;
				PRODUCT_NAME = "$(TARGET_NAME)";
				SWIFT_VERSION = 5.0;
				TARGETED_DEVICE_FAMILY = "1,2";
				TEST_HOST = "$(BUILT_PRODUCTS_DIR)/MyMovies.app/MyMovies";
			};
			name = Debug;
		};
		FB2C578A227E0CB200CA2381 /* Release */ = {
			isa = XCBuildConfiguration;
			baseConfigurationReference = 975665B8AAA5095B80216AAD /* Pods-MyMoviesTests.release.xcconfig */;
			buildSettings = {
				ALWAYS_EMBED_SWIFT_STANDARD_LIBRARIES = YES;
				BUNDLE_LOADER = "$(TEST_HOST)";
				CODE_SIGN_STYLE = Automatic;
				DEVELOPMENT_TEAM = 45VBTWJ842;
				INFOPLIST_FILE = MyMoviesTests/Info.plist;
				LD_RUNPATH_SEARCH_PATHS = (
					"$(inherited)",
					"@executable_path/Frameworks",
					"@loader_path/Frameworks",
				);
				PRODUCT_BUNDLE_IDENTIFIER = com.mohammedmirsal.MyMoviesTests;
				PRODUCT_NAME = "$(TARGET_NAME)";
				SWIFT_VERSION = 5.0;
				TARGETED_DEVICE_FAMILY = "1,2";
				TEST_HOST = "$(BUILT_PRODUCTS_DIR)/MyMovies.app/MyMovies";
			};
			name = Release;
		};
/* End XCBuildConfiguration section */

/* Begin XCConfigurationList section */
		FB2C5758227E0CB000CA2381 /* Build configuration list for PBXProject "MyMovies" */ = {
			isa = XCConfigurationList;
			buildConfigurations = (
				FB2C5783227E0CB200CA2381 /* Debug */,
				FB2C5784227E0CB200CA2381 /* Release */,
			);
			defaultConfigurationIsVisible = 0;
			defaultConfigurationName = Release;
		};
		FB2C5785227E0CB200CA2381 /* Build configuration list for PBXNativeTarget "MyMovies" */ = {
			isa = XCConfigurationList;
			buildConfigurations = (
				FB2C5786227E0CB200CA2381 /* Debug */,
				FB2C5787227E0CB200CA2381 /* Release */,
			);
			defaultConfigurationIsVisible = 0;
			defaultConfigurationName = Release;
		};
		FB2C5788227E0CB200CA2381 /* Build configuration list for PBXNativeTarget "MyMoviesTests" */ = {
			isa = XCConfigurationList;
			buildConfigurations = (
				FB2C5789227E0CB200CA2381 /* Debug */,
				FB2C578A227E0CB200CA2381 /* Release */,
			);
			defaultConfigurationIsVisible = 0;
			defaultConfigurationName = Release;
		};
/* End XCConfigurationList section */
	};
	rootObject = FB2C5755227E0CB000CA2381 /* Project object */;
}
